{
  "name": "poo",
  "version": "1.0.0",
  "lockfileVersion": 3,
  "requires": true,
  "packages": {
    "": {
      "name": "poo",
      "version": "1.0.0",
      "license": "ISC",
      "dependencies": {
        "poo": "^1.0.7"
      }
    },
    "node_modules/poo": {
      "version": "1.0.7",
      "resolved": "https://registry.npmjs.org/poo/-/poo-1.0.7.tgz",
      "integrity": "sha512-XVjw/pnbeLGJ3q2sZMjdA4SkJ6s4ucSxMUjD0oNqcP8kU6JkJIr9U0iN0pGNFfVDrln0deLGUqydqk2lQdzfmQ==",
      "license": "MIT"
    }
  }
}
